
Microsoft Visual Studio Solution File, Format Version 12.00
Project("{FAE04EC0-301F-11D3-BF4B-00C04F79EFBC}") = "benchmark", "benchmark\benchmark.csproj", "{A85EC845-FB99-4B78-A7A3-3D13826681AF}"
EndProject
Global
	GlobalSection(SolutionConfigurationPlatforms) = preSolution
		Debug|Any CPU = Debug|Any CPU
		Release|Any CPU = Release|Any CPU
	EndGlobalSection
	GlobalSection(ProjectConfigurationPlatforms) = postSolution
		{A85EC845-FB99-4B78-A7A3-3D13826681AF}.Debug|Any CPU.ActiveCfg = Debug|Any CPU
		{A85EC845-FB99-4B78-A7A3-3D13826681AF}.Debug|Any CPU.Build.0 = Debug|Any CPU
		{A85EC845-FB99-4B78-A7A3-3D13826681AF}.Release|Any CPU.ActiveCfg = Release|Any CPU
		{A85EC845-FB99-4B78-A7A3-3D13826681AF}.Release|Any CPU.Build.0 = Release|Any CPU
	EndGlobalSection
EndGlobal
